
Microsoft Visual Studio Solution File, Format Version 12.00
# Visual Studio Version 16
VisualStudioVersion = 16.0.33328.57
MinimumVisualStudioVersion = 10.0.40219.1
Project("{FAE04EC0-301F-11D3-BF4B-00C04F79EFBC}") = "siteLivraria", "siteLivraria.csproj", "{B0A8AB55-C07F-4DC3-80AD-F7CD10B88241}"
EndProject
Global
	GlobalSection(SolutionConfigurationPlatforms) = preSolution
		Debug|Any CPU = Debug|Any CPU
		Release|Any CPU = Release|Any CPU
	EndGlobalSection
	GlobalSection(ProjectConfigurationPlatforms) = postSolution
		{B0A8AB55-C07F-4DC3-80AD-F7CD10B88241}.Debug|Any CPU.ActiveCfg = Debug|Any CPU
		{B0A8AB55-C07F-4DC3-80AD-F7CD10B88241}.Debug|Any CPU.Build.0 = Debug|Any CPU
		{B0A8AB55-C07F-4DC3-80AD-F7CD10B88241}.Release|Any CPU.ActiveCfg = Release|Any CPU
		{B0A8AB55-C07F-4DC3-80AD-F7CD10B88241}.Release|Any CPU.Build.0 = Release|Any CPU
	EndGlobalSection
	GlobalSection(SolutionProperties) = preSolution
		HideSolutionNode = FALSE
	EndGlobalSection
	GlobalSection(ExtensibilityGlobals) = postSolution
		SolutionGuid = {875E8783-0080-427D-AD25-FB55B1B9D5CA}
	EndGlobalSection
EndGlobal
